// !$*UTF8*$!
{
	archiveVersion = 1;
	classes = {
	};
	objectVersion = 56;
	objects = {

/* Begin PBXBuildFile section */
		6123F8BB29AC68FE005ADF35 /* SplashView.swift in Sources */ = {isa = PBXBuildFile; fileRef = 6123F8BA29AC68FE005ADF35 /* SplashView.swift */; };
		F761A93D29B9C78500A0C652 /* DataScannerView.swift in Sources */ = {isa = PBXBuildFile; fileRef = F761A93C29B9C78500A0C652 /* DataScannerView.swift */; };
		F761A93F29B9C7A600A0C652 /* AppViewModel.swift in Sources */ = {isa = PBXBuildFile; fileRef = F761A93E29B9C7A600A0C652 /* AppViewModel.swift */; };
		F7A4E11829AB4A0F00EAD4CC /* RestAPI.swift in Sources */ = {isa = PBXBuildFile; fileRef = F7A4E11729AB4A0F00EAD4CC /* RestAPI.swift */; };
		F7A4E11B29AB8B2A00EAD4CC /* MainView.swift in Sources */ = {isa = PBXBuildFile; fileRef = F7A4E11A29AB8B2A00EAD4CC /* MainView.swift */; };
		F7BF7B0929A9E7F9007F8197 /* PpigcycleApp.swift in Sources */ = {isa = PBXBuildFile; fileRef = F7BF7B0829A9E7F9007F8197 /* PpigcycleApp.swift */; };
		F7BF7B0B29A9E7F9007F8197 /* ContentView.swift in Sources */ = {isa = PBXBuildFile; fileRef = F7BF7B0A29A9E7F9007F8197 /* ContentView.swift */; };
		F7BF7B0D29A9E7FF007F8197 /* Assets.xcassets in Resources */ = {isa = PBXBuildFile; fileRef = F7BF7B0C29A9E7FF007F8197 /* Assets.xcassets */; };
		F7BF7B1029A9E7FF007F8197 /* Preview Assets.xcassets in Resources */ = {isa = PBXBuildFile; fileRef = F7BF7B0F29A9E7FF007F8197 /* Preview Assets.xcassets */; };
		F7BF7B1A29A9E800007F8197 /* PpigcycleTests.swift in Sources */ = {isa = PBXBuildFile; fileRef = F7BF7B1929A9E800007F8197 /* PpigcycleTests.swift */; };
		F7BF7B2429A9E800007F8197 /* PpigcycleUITests.swift in Sources */ = {isa = PBXBuildFile; fileRef = F7BF7B2329A9E800007F8197 /* PpigcycleUITests.swift */; };
		F7BF7B2629A9E800007F8197 /* PpigcycleUITestsLaunchTests.swift in Sources */ = {isa = PBXBuildFile; fileRef = F7BF7B2529A9E800007F8197 /* PpigcycleUITestsLaunchTests.swift */; };
		F7BF7B3329A9E83A007F8197 /* LoginView.swift in Sources */ = {isa = PBXBuildFile; fileRef = F7BF7B3229A9E83A007F8197 /* LoginView.swift */; };
		F7BF7B3529A9E862007F8197 /* SignUpView.swift in Sources */ = {isa = PBXBuildFile; fileRef = F7BF7B3429A9E862007F8197 /* SignUpView.swift */; };
/* End PBXBuildFile section */

/* Begin PBXContainerItemProxy section */
		F7BF7B1629A9E800007F8197 /* PBXContainerItemProxy */ = {
			isa = PBXContainerItemProxy;
			containerPortal = F7BF7AFD29A9E7F9007F8197 /* Project object */;
			proxyType = 1;
			remoteGlobalIDString = F7BF7B0429A9E7F9007F8197;
			remoteInfo = Ppigcycle;
		};
		F7BF7B2029A9E800007F8197 /* PBXContainerItemProxy */ = {
			isa = PBXContainerItemProxy;
			containerPortal = F7BF7AFD29A9E7F9007F8197 /* Project object */;
			proxyType = 1;
			remoteGlobalIDString = F7BF7B0429A9E7F9007F8197;
			remoteInfo = Ppigcycle;
		};
/* End PBXContainerItemProxy section */

/* Begin PBXFileReference section */
		6123F8BA29AC68FE005ADF35 /* SplashView.swift */ = {isa = PBXFileReference; lastKnownFileType = sourcecode.swift; path = SplashView.swift; sourceTree = "<group>"; };
		F761A93C29B9C78500A0C652 /* DataScannerView.swift */ = {isa = PBXFileReference; lastKnownFileType = sourcecode.swift; path = DataScannerView.swift; sourceTree = "<group>"; };
		F761A93E29B9C7A600A0C652 /* AppViewModel.swift */ = {isa = PBXFileReference; lastKnownFileType = sourcecode.swift; path = AppViewModel.swift; sourceTree = "<group>"; };
		F7A4E11729AB4A0F00EAD4CC /* RestAPI.swift */ = {isa = PBXFileReference; lastKnownFileType = sourcecode.swift; path = RestAPI.swift; sourceTree = "<group>"; };
		F7A4E11A29AB8B2A00EAD4CC /* MainView.swift */ = {isa = PBXFileReference; lastKnownFileType = sourcecode.swift; path = MainView.swift; sourceTree = "<group>"; };
		F7BF7B0529A9E7F9007F8197 /* Ppigcycle.app */ = {isa = PBXFileReference; explicitFileType = wrapper.application; includeInIndex = 0; path = Ppigcycle.app; sourceTree = BUILT_PRODUCTS_DIR; };
		F7BF7B0829A9E7F9007F8197 /* PpigcycleApp.swift */ = {isa = PBXFileReference; lastKnownFileType = sourcecode.swift; path = PpigcycleApp.swift; sourceTree = "<group>"; };
		F7BF7B0A29A9E7F9007F8197 /* ContentView.swift */ = {isa = PBXFileReference; lastKnownFileType = sourcecode.swift; path = ContentView.swift; sourceTree = "<group>"; };
		F7BF7B0C29A9E7FF007F8197 /* Assets.xcassets */ = {isa = PBXFileReference; lastKnownFileType = folder.assetcatalog; path = Assets.xcassets; sourceTree = "<group>"; };
		F7BF7B0F29A9E7FF007F8197 /* Preview Assets.xcassets */ = {isa = PBXFileReference; lastKnownFileType = folder.assetcatalog; path = "Preview Assets.xcassets"; sourceTree = "<group>"; };
		F7BF7B1529A9E800007F8197 /* PpigcycleTests.xctest */ = {isa = PBXFileReference; explicitFileType = wrapper.cfbundle; includeInIndex = 0; path = PpigcycleTests.xctest; sourceTree = BUILT_PRODUCTS_DIR; };
		F7BF7B1929A9E800007F8197 /* PpigcycleTests.swift */ = {isa = PBXFileReference; lastKnownFileType = sourcecode.swift; path = PpigcycleTests.swift; sourceTree = "<group>"; };
		F7BF7B1F29A9E800007F8197 /* PpigcycleUITests.xctest */ = {isa = PBXFileReference; explicitFileType = wrapper.cfbundle; includeInIndex = 0; path = PpigcycleUITests.xctest; sourceTree = BUILT_PRODUCTS_DIR; };
		F7BF7B2329A9E800007F8197 /* PpigcycleUITests.swift */ = {isa = PBXFileReference; lastKnownFileType = sourcecode.swift; path = PpigcycleUITests.swift; sourceTree = "<group>"; };
		F7BF7B2529A9E800007F8197 /* PpigcycleUITestsLaunchTests.swift */ = {isa = PBXFileReference; lastKnownFileType = sourcecode.swift; path = PpigcycleUITestsLaunchTests.swift; sourceTree = "<group>"; };
		F7BF7B3229A9E83A007F8197 /* LoginView.swift */ = {isa = PBXFileReference; lastKnownFileType = sourcecode.swift; path = LoginView.swift; sourceTree = "<group>"; };
		F7BF7B3429A9E862007F8197 /* SignUpView.swift */ = {isa = PBXFileReference; lastKnownFileType = sourcecode.swift; path = SignUpView.swift; sourceTree = "<group>"; };
/* End PBXFileReference section */

/* Begin PBXFrameworksBuildPhase section */
		F7BF7B0229A9E7F9007F8197 /* Frameworks */ = {
			isa = PBXFrameworksBuildPhase;
			buildActionMask = 2147483647;
			files = (
			);
			runOnlyForDeploymentPostprocessing = 0;
		};
		F7BF7B1229A9E800007F8197 /* Frameworks */ = {
			isa = PBXFrameworksBuildPhase;
			buildActionMask = 2147483647;
			files = (
			);
			runOnlyForDeploymentPostprocessing = 0;
		};
		F7BF7B1C29A9E800007F8197 /* Frameworks */ = {
			isa = PBXFrameworksBuildPhase;
			buildActionMask = 2147483647;
			files = (
			);
			runOnlyForDeploymentPostprocessing = 0;
		};
/* End PBXFrameworksBuildPhase section */

/* Begin PBXGroup section */
		F7A4E11629AB49E900EAD4CC /* API */ = {
			isa = PBXGroup;
			children = (
				F7A4E11729AB4A0F00EAD4CC /* RestAPI.swift */,
			);
			path = API;
			sourceTree = "<group>";
		};
		F7A4E11929AB501E00EAD4CC /* Login */ = {
			isa = PBXGroup;
			children = (
				F7BF7B3429A9E862007F8197 /* SignUpView.swift */,
				F7BF7B3229A9E83A007F8197 /* LoginView.swift */,
			);
			path = Login;
			sourceTree = "<group>";
		};
		F7BF7AFC29A9E7F9007F8197 = {
			isa = PBXGroup;
			children = (
				F7BF7B0729A9E7F9007F8197 /* Ppigcycle */,
				F7BF7B1829A9E800007F8197 /* PpigcycleTests */,
				F7BF7B2229A9E800007F8197 /* PpigcycleUITests */,
				F7BF7B0629A9E7F9007F8197 /* Products */,
			);
			sourceTree = "<group>";
		};
		F7BF7B0629A9E7F9007F8197 /* Products */ = {
			isa = PBXGroup;
			children = (
				F7BF7B0529A9E7F9007F8197 /* Ppigcycle.app */,
				F7BF7B1529A9E800007F8197 /* PpigcycleTests.xctest */,
				F7BF7B1F29A9E800007F8197 /* PpigcycleUITests.xctest */,
			);
			name = Products;
			sourceTree = "<group>";
		};
		F7BF7B0729A9E7F9007F8197 /* Ppigcycle */ = {
			isa = PBXGroup;
			children = (
				F761A93E29B9C7A600A0C652 /* AppViewModel.swift */,
				F7A4E11929AB501E00EAD4CC /* Login */,
				F7A4E11629AB49E900EAD4CC /* API */,
				F7BF7B3629A9E869007F8197 /* View */,
				F7BF7B0829A9E7F9007F8197 /* PpigcycleApp.swift */,
				F7BF7B0C29A9E7FF007F8197 /* Assets.xcassets */,
				F7BF7B0E29A9E7FF007F8197 /* Preview Content */,
			);
			path = Ppigcycle;
			sourceTree = "<group>";
		};
		F7BF7B0E29A9E7FF007F8197 /* Preview Content */ = {
			isa = PBXGroup;
			children = (
				F7BF7B0F29A9E7FF007F8197 /* Preview Assets.xcassets */,
			);
			path = "Preview Content";
			sourceTree = "<group>";
		};
		F7BF7B1829A9E800007F8197 /* PpigcycleTests */ = {
			isa = PBXGroup;
			children = (
				F7BF7B1929A9E800007F8197 /* PpigcycleTests.swift */,
			);
			path = PpigcycleTests;
			sourceTree = "<group>";
		};
		F7BF7B2229A9E800007F8197 /* PpigcycleUITests */ = {
			isa = PBXGroup;
			children = (
				F7BF7B2329A9E800007F8197 /* PpigcycleUITests.swift */,
				F7BF7B2529A9E800007F8197 /* PpigcycleUITestsLaunchTests.swift */,
			);
			path = PpigcycleUITests;
			sourceTree = "<group>";
		};
		F7BF7B3629A9E869007F8197 /* View */ = {
			isa = PBXGroup;
			children = (
				F7BF7B0A29A9E7F9007F8197 /* ContentView.swift */,
				F7A4E11A29AB8B2A00EAD4CC /* MainView.swift */,
				6123F8BA29AC68FE005ADF35 /* SplashView.swift */,
				F761A93C29B9C78500A0C652 /* DataScannerView.swift */,
			);
			path = View;
			sourceTree = "<group>";
		};
/* End PBXGroup section */

/* Begin PBXNativeTarget section */
		F7BF7B0429A9E7F9007F8197 /* Ppigcycle */ = {
			isa = PBXNativeTarget;
			buildConfigurationList = F7BF7B2929A9E800007F8197 /* Build configuration list for PBXNativeTarget "Ppigcycle" */;
			buildPhases = (
				F7BF7B0129A9E7F9007F8197 /* Sources */,
				F7BF7B0229A9E7F9007F8197 /* Frameworks */,
				F7BF7B0329A9E7F9007F8197 /* Resources */,
			);
			buildRules = (
			);
			dependencies = (
			);
			name = Ppigcycle;
			productName = Ppigcycle;
			productReference = F7BF7B0529A9E7F9007F8197 /* Ppigcycle.app */;
			productType = "com.apple.product-type.application";
		};
		F7BF7B1429A9E800007F8197 /* PpigcycleTests */ = {
			isa = PBXNativeTarget;
			buildConfigurationList = F7BF7B2C29A9E800007F8197 /* Build configuration list for PBXNativeTarget "PpigcycleTests" */;
			buildPhases = (
				F7BF7B1129A9E800007F8197 /* Sources */,
				F7BF7B1229A9E800007F8197 /* Frameworks */,
				F7BF7B1329A9E800007F8197 /* Resources */,
			);
			buildRules = (
			);
			dependencies = (
				F7BF7B1729A9E800007F8197 /* PBXTargetDependency */,
			);
			name = PpigcycleTests;
			productName = PpigcycleTests;
			productReference = F7BF7B1529A9E800007F8197 /* PpigcycleTests.xctest */;
			productType = "com.apple.product-type.bundle.unit-test";
		};
		F7BF7B1E29A9E800007F8197 /* PpigcycleUITests */ = {
			isa = PBXNativeTarget;
			buildConfigurationList = F7BF7B2F29A9E800007F8197 /* Build configuration list for PBXNativeTarget "PpigcycleUITests" */;
			buildPhases = (
				F7BF7B1B29A9E800007F8197 /* Sources */,
				F7BF7B1C29A9E800007F8197 /* Frameworks */,
				F7BF7B1D29A9E800007F8197 /* Resources */,
			);
			buildRules = (
			);
			dependencies = (
				F7BF7B2129A9E800007F8197 /* PBXTargetDependency */,
			);
			name = PpigcycleUITests;
			productName = PpigcycleUITests;
			productReference = F7BF7B1F29A9E800007F8197 /* PpigcycleUITests.xctest */;
			productType = "com.apple.product-type.bundle.ui-testing";
		};
/* End PBXNativeTarget section */

/* Begin PBXProject section */
		F7BF7AFD29A9E7F9007F8197 /* Project object */ = {
			isa = PBXProject;
			attributes = {
				BuildIndependentTargetsInParallel = 1;
				LastSwiftUpdateCheck = 1400;
				LastUpgradeCheck = 1400;
				TargetAttributes = {
					F7BF7B0429A9E7F9007F8197 = {
						CreatedOnToolsVersion = 14.0;
					};
					F7BF7B1429A9E800007F8197 = {
						CreatedOnToolsVersion = 14.0;
						TestTargetID = F7BF7B0429A9E7F9007F8197;
					};
					F7BF7B1E29A9E800007F8197 = {
						CreatedOnToolsVersion = 14.0;
						TestTargetID = F7BF7B0429A9E7F9007F8197;
					};
				};
			};
			buildConfigurationList = F7BF7B0029A9E7F9007F8197 /* Build configuration list for PBXProject "Ppigcycle" */;
			compatibilityVersion = "Xcode 14.0";
			developmentRegion = en;
			hasScannedForEncodings = 0;
			knownRegions = (
				en,
				Base,
			);
			mainGroup = F7BF7AFC29A9E7F9007F8197;
			productRefGroup = F7BF7B0629A9E7F9007F8197 /* Products */;
			projectDirPath = "";
			projectRoot = "";
			targets = (
				F7BF7B0429A9E7F9007F8197 /* Ppigcycle */,
				F7BF7B1429A9E800007F8197 /* PpigcycleTests */,
				F7BF7B1E29A9E800007F8197 /* PpigcycleUITests */,
			);
		};
/* End PBXProject section */

/* Begin PBXResourcesBuildPhase section */
		F7BF7B0329A9E7F9007F8197 /* Resources */ = {
			isa = PBXResourcesBuildPhase;
			buildActionMask = 2147483647;
			files = (
				F7BF7B1029A9E7FF007F8197 /* Preview Assets.xcassets in Resources */,
				F7BF7B0D29A9E7FF007F8197 /* Assets.xcassets in Resources */,
			);
			runOnlyForDeploymentPostprocessing = 0;
		};
		F7BF7B1329A9E800007F8197 /* Resources */ = {
			isa = PBXResourcesBuildPhase;
			buildActionMask = 2147483647;
			files = (
			);
			runOnlyForDeploymentPostprocessing = 0;
		};
		F7BF7B1D29A9E800007F8197 /* Resources */ = {
			isa = PBXResourcesBuildPhase;
			buildActionMask = 2147483647;
			files = (
			);
			runOnlyForDeploymentPostprocessing = 0;
		};
/* End PBXResourcesBuildPhase section */

/* Begin PBXSourcesBuildPhase section */
		F7BF7B0129A9E7F9007F8197 /* Sources */ = {
			isa = PBXSourcesBuildPhase;
			buildActionMask = 2147483647;
			files = (
				F7BF7B3529A9E862007F8197 /* SignUpView.swift in Sources */,
				F7A4E11B29AB8B2A00EAD4CC /* MainView.swift in Sources */,
				F761A93F29B9C7A600A0C652 /* AppViewModel.swift in Sources */,
				F7A4E11829AB4A0F00EAD4CC /* RestAPI.swift in Sources */,
				F7BF7B3329A9E83A007F8197 /* LoginView.swift in Sources */,
				F7BF7B0B29A9E7F9007F8197 /* ContentView.swift in Sources */,
				F7BF7B0929A9E7F9007F8197 /* PpigcycleApp.swift in Sources */,
				6123F8BB29AC68FE005ADF35 /* SplashView.swift in Sources */,
				F761A93D29B9C78500A0C652 /* DataScannerView.swift in Sources */,
			);
			runOnlyForDeploymentPostprocessing = 0;
		};
		F7BF7B1129A9E800007F8197 /* Sources */ = {
			isa = PBXSourcesBuildPhase;
			buildActionMask = 2147483647;
			files = (
				F7BF7B1A29A9E800007F8197 /* PpigcycleTests.swift in Sources */,
			);
			runOnlyForDeploymentPostprocessing = 0;
		};
		F7BF7B1B29A9E800007F8197 /* Sources */ = {
			isa = PBXSourcesBuildPhase;
			buildActionMask = 2147483647;
			files = (
				F7BF7B2429A9E800007F8197 /* PpigcycleUITests.swift in Sources */,
				F7BF7B2629A9E800007F8197 /* PpigcycleUITestsLaunchTests.swift in Sources */,
			);
			runOnlyForDeploymentPostprocessing = 0;
		};
/* End PBXSourcesBuildPhase section */

/* Begin PBXTargetDependency section */
		F7BF7B1729A9E800007F8197 /* PBXTargetDependency */ = {
			isa = PBXTargetDependency;
			target = F7BF7B0429A9E7F9007F8197 /* Ppigcycle */;
			targetProxy = F7BF7B1629A9E800007F8197 /* PBXContainerItemProxy */;
		};
		F7BF7B2129A9E800007F8197 /* PBXTargetDependency */ = {
			isa = PBXTargetDependency;
			target = F7BF7B0429A9E7F9007F8197 /* Ppigcycle */;
			targetProxy = F7BF7B2029A9E800007F8197 /* PBXContainerItemProxy */;
		};
/* End PBXTargetDependency section */

/* Begin XCBuildConfiguration section */
		F7BF7B2729A9E800007F8197 /* Debug */ = {
			isa = XCBuildConfiguration;
			buildSettings = {
				ALWAYS_SEARCH_USER_PATHS = NO;
				CLANG_ANALYZER_NONNULL = YES;
				CLANG_ANALYZER_NUMBER_OBJECT_CONVERSION = YES_AGGRESSIVE;
				CLANG_CXX_LANGUAGE_STANDARD = "gnu++20";
				CLANG_ENABLE_MODULES = YES;
				CLANG_ENABLE_OBJC_ARC = YES;
				CLANG_ENABLE_OBJC_WEAK = YES;
				CLANG_WARN_BLOCK_CAPTURE_AUTORELEASING = YES;
				CLANG_WARN_BOOL_CONVERSION = YES;
				CLANG_WARN_COMMA = YES;
				CLANG_WARN_CONSTANT_CONVERSION = YES;
				CLANG_WARN_DEPRECATED_OBJC_IMPLEMENTATIONS = YES;
				CLANG_WARN_DIRECT_OBJC_ISA_USAGE = YES_ERROR;
				CLANG_WARN_DOCUMENTATION_COMMENTS = YES;
				CLANG_WARN_EMPTY_BODY = YES;
				CLANG_WARN_ENUM_CONVERSION = YES;
				CLANG_WARN_INFINITE_RECURSION = YES;
				CLANG_WARN_INT_CONVERSION = YES;
				CLANG_WARN_NON_LITERAL_NULL_CONVERSION = YES;
				CLANG_WARN_OBJC_IMPLICIT_RETAIN_SELF = YES;
				CLANG_WARN_OBJC_LITERAL_CONVERSION = YES;
				CLANG_WARN_OBJC_ROOT_CLASS = YES_ERROR;
				CLANG_WARN_QUOTED_INCLUDE_IN_FRAMEWORK_HEADER = YES;
				CLANG_WARN_RANGE_LOOP_ANALYSIS = YES;
				CLANG_WARN_STRICT_PROTOTYPES = YES;
				CLANG_WARN_SUSPICIOUS_MOVE = YES;
				CLANG_WARN_UNGUARDED_AVAILABILITY = YES_AGGRESSIVE;
				CLANG_WARN_UNREACHABLE_CODE = YES;
				CLANG_WARN__DUPLICATE_METHOD_MATCH = YES;
				COPY_PHASE_STRIP = NO;
				DEBUG_INFORMATION_FORMAT = dwarf;
				ENABLE_STRICT_OBJC_MSGSEND = YES;
				ENABLE_TESTABILITY = YES;
				GCC_C_LANGUAGE_STANDARD = gnu11;
				GCC_DYNAMIC_NO_PIC = NO;
				GCC_NO_COMMON_BLOCKS = YES;
				GCC_OPTIMIZATION_LEVEL = 0;
				GCC_PREPROCESSOR_DEFINITIONS = (
					"DEBUG=1",
					"$(inherited)",
				);
				GCC_WARN_64_TO_32_BIT_CONVERSION = YES;
				GCC_WARN_ABOUT_RETURN_TYPE = YES_ERROR;
				GCC_WARN_UNDECLARED_SELECTOR = YES;
				GCC_WARN_UNINITIALIZED_AUTOS = YES_AGGRESSIVE;
				GCC_WARN_UNUSED_FUNCTION = YES;
				GCC_WARN_UNUSED_VARIABLE = YES;
				IPHONEOS_DEPLOYMENT_TARGET = 16.0;
				MTL_ENABLE_DEBUG_INFO = INCLUDE_SOURCE;
				MTL_FAST_MATH = YES;
				ONLY_ACTIVE_ARCH = YES;
				SDKROOT = iphoneos;
				SWIFT_ACTIVE_COMPILATION_CONDITIONS = DEBUG;
				SWIFT_OPTIMIZATION_LEVEL = "-Onone";
			};
			name = Debug;
		};
		F7BF7B2829A9E800007F8197 /* Release */ = {
			isa = XCBuildConfiguration;
			buildSettings = {
				ALWAYS_SEARCH_USER_PATHS = NO;
				CLANG_ANALYZER_NONNULL = YES;
				CLANG_ANALYZER_NUMBER_OBJECT_CONVERSION = YES_AGGRESSIVE;
				CLANG_CXX_LANGUAGE_STANDARD = "gnu++20";
				CLANG_ENABLE_MODULES = YES;
				CLANG_ENABLE_OBJC_ARC = YES;
				CLANG_ENABLE_OBJC_WEAK = YES;
				CLANG_WARN_BLOCK_CAPTURE_AUTORELEASING = YES;
				CLANG_WARN_BOOL_CONVERSION = YES;
				CLANG_WARN_COMMA = YES;
				CLANG_WARN_CONSTANT_CONVERSION = YES;
				CLANG_WARN_DEPRECATED_OBJC_IMPLEMENTATIONS = YES;
				CLANG_WARN_DIRECT_OBJC_ISA_USAGE = YES_ERROR;
				CLANG_WARN_DOCUMENTATION_COMMENTS = YES;
				CLANG_WARN_EMPTY_BODY = YES;
				CLANG_WARN_ENUM_CONVERSION = YES;
				CLANG_WARN_INFINITE_RECURSION = YES;
				CLANG_WARN_INT_CONVERSION = YES;
				CLANG_WARN_NON_LITERAL_NULL_CONVERSION = YES;
				CLANG_WARN_OBJC_IMPLICIT_RETAIN_SELF = YES;
				CLANG_WARN_OBJC_LITERAL_CONVERSION = YES;
				CLANG_WARN_OBJC_ROOT_CLASS = YES_ERROR;
				CLANG_WARN_QUOTED_INCLUDE_IN_FRAMEWORK_HEADER = YES;
				CLANG_WARN_RANGE_LOOP_ANALYSIS = YES;
				CLANG_WARN_STRICT_PROTOTYPES = YES;
				CLANG_WARN_SUSPICIOUS_MOVE = YES;
				CLANG_WARN_UNGUARDED_AVAILABILITY = YES_AGGRESSIVE;
				CLANG_WARN_UNREACHABLE_CODE = YES;
				CLANG_WARN__DUPLICATE_METHOD_MATCH = YES;
				COPY_PHASE_STRIP = NO;
				DEBUG_INFORMATION_FORMAT = "dwarf-with-dsym";
				ENABLE_NS_ASSERTIONS = NO;
				ENABLE_STRICT_OBJC_MSGSEND = YES;
				GCC_C_LANGUAGE_STANDARD = gnu11;
				GCC_NO_COMMON_BLOCKS = YES;
				GCC_WARN_64_TO_32_BIT_CONVERSION = YES;
				GCC_WARN_ABOUT_RETURN_TYPE = YES_ERROR;
				GCC_WARN_UNDECLARED_SELECTOR = YES;
				GCC_WARN_UNINITIALIZED_AUTOS = YES_AGGRESSIVE;
				GCC_WARN_UNUSED_FUNCTION = YES;
				GCC_WARN_UNUSED_VARIABLE = YES;
				IPHONEOS_DEPLOYMENT_TARGET = 16.0;
				MTL_ENABLE_DEBUG_INFO = NO;
				MTL_FAST_MATH = YES;
				SDKROOT = iphoneos;
				SWIFT_COMPILATION_MODE = wholemodule;
				SWIFT_OPTIMIZATION_LEVEL = "-O";
				VALIDATE_PRODUCT = YES;
			};
			name = Release;
		};
		F7BF7B2A29A9E800007F8197 /* Debug */ = {
			isa = XCBuildConfiguration;
			buildSettings = {
				ASSETCATALOG_COMPILER_APPICON_NAME = AppIcon;
				ASSETCATALOG_COMPILER_GLOBAL_ACCENT_COLOR_NAME = AccentColor;
				CODE_SIGN_STYLE = Automatic;
				CURRENT_PROJECT_VERSION = 1;
				DEVELOPMENT_ASSET_PATHS = "\"Ppigcycle/Preview Content\"";
				DEVELOPMENT_TEAM = T9JBD726X3;
				ENABLE_PREVIEWS = YES;
				GENERATE_INFOPLIST_FILE = YES;
				INFOPLIST_KEY_NSCameraUsageDescription = "The app needs camera access to scan barcode and text";
				INFOPLIST_KEY_UIApplicationSceneManifest_Generation = YES;
				INFOPLIST_KEY_UIApplicationSupportsIndirectInputEvents = YES;
				INFOPLIST_KEY_UILaunchScreen_Generation = YES;
				INFOPLIST_KEY_UISupportedInterfaceOrientations_iPad = "UIInterfaceOrientationPortrait UIInterfaceOrientationPortraitUpsideDown UIInterfaceOrientationLandscapeLeft UIInterfaceOrientationLandscapeRight";
				INFOPLIST_KEY_UISupportedInterfaceOrientations_iPhone = "UIInterfaceOrientationPortrait UIInterfaceOrientationLandscapeLeft UIInterfaceOrientationLandscapeRight";
				LD_RUNPATH_SEARCH_PATHS = (
					"$(inherited)",
					"@executable_path/Frameworks",
				);
				MARKETING_VERSION = 1.0;
				PRODUCT_BUNDLE_IDENTIFIER = jh.Ppigcycle;
				PRODUCT_NAME = "$(TARGET_NAME)";
				SWIFT_EMIT_LOC_STRINGS = YES;
				SWIFT_VERSION = 5.0;
				TARGETED_DEVICE_FAMILY = "1,2";
			};
			name = Debug;
		};
		F7BF7B2B29A9E800007F8197 /* Release */ = {
			isa = XCBuildConfiguration;
			buildSettings = {
				ASSETCATALOG_COMPILER_APPICON_NAME = AppIcon;
				ASSETCATALOG_COMPILER_GLOBAL_ACCENT_COLOR_NAME = AccentColor;
				CODE_SIGN_STYLE = Automatic;
				CURRENT_PROJECT_VERSION = 1;
				DEVELOPMENT_ASSET_PATHS = "\"Ppigcycle/Preview Content\"";
				DEVELOPMENT_TEAM = T9JBD726X3;
				ENABLE_PREVIEWS = YES;
				GENERATE_INFOPLIST_FILE = YES;
				INFOPLIST_KEY_NSCameraUsageDescription = "The app needs camera access to scan barcode and text";
				INFOPLIST_KEY_UIApplicationSceneManifest_Generation = YES;
				INFOPLIST_KEY_UIApplicationSupportsIndirectInputEvents = YES;
				INFOPLIST_KEY_UILaunchScreen_Generation = YES;
				INFOPLIST_KEY_UISupportedInterfaceOrientations_iPad = "UIInterfaceOrientationPortrait UIInterfaceOrientationPortraitUpsideDown UIInterfaceOrientationLandscapeLeft UIInterfaceOrientationLandscapeRight";
				INFOPLIST_KEY_UISupportedInterfaceOrientations_iPhone = "UIInterfaceOrientationPortrait UIInterfaceOrientationLandscapeLeft UIInterfaceOrientationLandscapeRight";
				LD_RUNPATH_SEARCH_PATHS = (
					"$(inherited)",
					"@executable_path/Frameworks",
				);
				MARKETING_VERSION = 1.0;
				PRODUCT_BUNDLE_IDENTIFIER = jh.Ppigcycle;
				PRODUCT_NAME = "$(TARGET_NAME)";
				SWIFT_EMIT_LOC_STRINGS = YES;
				SWIFT_VERSION = 5.0;
				TARGETED_DEVICE_FAMILY = "1,2";
			};
			name = Release;
		};
		F7BF7B2D29A9E800007F8197 /* Debug */ = {
			isa = XCBuildConfiguration;
			buildSettings = {
				ALWAYS_EMBED_SWIFT_STANDARD_LIBRARIES = YES;
				BUNDLE_LOADER = "$(TEST_HOST)";
				CODE_SIGN_STYLE = Automatic;
				CURRENT_PROJECT_VERSION = 1;
				DEVELOPMENT_TEAM = T9JBD726X3;
				GENERATE_INFOPLIST_FILE = YES;
				IPHONEOS_DEPLOYMENT_TARGET = 16.0;
				MARKETING_VERSION = 1.0;
				PRODUCT_BUNDLE_IDENTIFIER = jh.PpigcycleTests;
				PRODUCT_NAME = "$(TARGET_NAME)";
				SWIFT_EMIT_LOC_STRINGS = NO;
				SWIFT_VERSION = 5.0;
				TARGETED_DEVICE_FAMILY = "1,2";
				TEST_HOST = "$(BUILT_PRODUCTS_DIR)/Ppigcycle.app/$(BUNDLE_EXECUTABLE_FOLDER_PATH)/Ppigcycle";
			};
			name = Debug;
		};
		F7BF7B2E29A9E800007F8197 /* Release */ = {
			isa = XCBuildConfiguration;
			buildSettings = {
				ALWAYS_EMBED_SWIFT_STANDARD_LIBRARIES = YES;
				BUNDLE_LOADER = "$(TEST_HOST)";
				CODE_SIGN_STYLE = Automatic;
				CURRENT_PROJECT_VERSION = 1;
				DEVELOPMENT_TEAM = T9JBD726X3;
				GENERATE_INFOPLIST_FILE = YES;
				IPHONEOS_DEPLOYMENT_TARGET = 16.0;
				MARKETING_VERSION = 1.0;
				PRODUCT_BUNDLE_IDENTIFIER = jh.PpigcycleTests;
				PRODUCT_NAME = "$(TARGET_NAME)";
				SWIFT_EMIT_LOC_STRINGS = NO;
				SWIFT_VERSION = 5.0;
				TARGETED_DEVICE_FAMILY = "1,2";
				TEST_HOST = "$(BUILT_PRODUCTS_DIR)/Ppigcycle.app/$(BUNDLE_EXECUTABLE_FOLDER_PATH)/Ppigcycle";
			};
			name = Release;
		};
		F7BF7B3029A9E800007F8197 /* Debug */ = {
			isa = XCBuildConfiguration;
			buildSettings = {
				ALWAYS_EMBED_SWIFT_STANDARD_LIBRARIES = YES;
				CODE_SIGN_STYLE = Automatic;
				CURRENT_PROJECT_VERSION = 1;
				DEVELOPMENT_TEAM = T9JBD726X3;
				GENERATE_INFOPLIST_FILE = YES;
				MARKETING_VERSION = 1.0;
				PRODUCT_BUNDLE_IDENTIFIER = jh.PpigcycleUITests;
				PRODUCT_NAME = "$(TARGET_NAME)";
				SWIFT_EMIT_LOC_STRINGS = NO;
				SWIFT_VERSION = 5.0;
				TARGETED_DEVICE_FAMILY = "1,2";
				TEST_TARGET_NAME = Ppigcycle;
			};
			name = Debug;
		};
		F7BF7B3129A9E800007F8197 /* Release */ = {
			isa = XCBuildConfiguration;
			buildSettings = {
				ALWAYS_EMBED_SWIFT_STANDARD_LIBRARIES = YES;
				CODE_SIGN_STYLE = Automatic;
				CURRENT_PROJECT_VERSION = 1;
				DEVELOPMENT_TEAM = T9JBD726X3;
				GENERATE_INFOPLIST_FILE = YES;
				MARKETING_VERSION = 1.0;
				PRODUCT_BUNDLE_IDENTIFIER = jh.PpigcycleUITests;
				PRODUCT_NAME = "$(TARGET_NAME)";
				SWIFT_EMIT_LOC_STRINGS = NO;
				SWIFT_VERSION = 5.0;
				TARGETED_DEVICE_FAMILY = "1,2";
				TEST_TARGET_NAME = Ppigcycle;
			};
			name = Release;
		};
/* End XCBuildConfiguration section */

/* Begin XCConfigurationList section */
		F7BF7B0029A9E7F9007F8197 /* Build configuration list for PBXProject "Ppigcycle" */ = {
			isa = XCConfigurationList;
			buildConfigurations = (
				F7BF7B2729A9E800007F8197 /* Debug */,
				F7BF7B2829A9E800007F8197 /* Release */,
			);
			defaultConfigurationIsVisible = 0;
			defaultConfigurationName = Release;
		};
		F7BF7B2929A9E800007F8197 /* Build configuration list for PBXNativeTarget "Ppigcycle" */ = {
			isa = XCConfigurationList;
			buildConfigurations = (
				F7BF7B2A29A9E800007F8197 /* Debug */,
				F7BF7B2B29A9E800007F8197 /* Release */,
			);
			defaultConfigurationIsVisible = 0;
			defaultConfigurationName = Release;
		};
		F7BF7B2C29A9E800007F8197 /* Build configuration list for PBXNativeTarget "PpigcycleTests" */ = {
			isa = XCConfigurationList;
			buildConfigurations = (
				F7BF7B2D29A9E800007F8197 /* Debug */,
				F7BF7B2E29A9E800007F8197 /* Release */,
			);
			defaultConfigurationIsVisible = 0;
			defaultConfigurationName = Release;
		};
		F7BF7B2F29A9E800007F8197 /* Build configuration list for PBXNativeTarget "PpigcycleUITests" */ = {
			isa = XCConfigurationList;
			buildConfigurations = (
				F7BF7B3029A9E800007F8197 /* Debug */,
				F7BF7B3129A9E800007F8197 /* Release */,
			);
			defaultConfigurationIsVisible = 0;
			defaultConfigurationName = Release;
		};
/* End XCConfigurationList section */
	};
	rootObject = F7BF7AFD29A9E7F9007F8197 /* Project object */;
}
